
Microsoft Visual Studio Solution File, Format Version 12.00
# Visual Studio Version 16
VisualStudioVersion = 16.0.29905.134
MinimumVisualStudioVersion = 10.0.40219.1
Project("{9A19103F-16F7-4668-BE54-9A1E7A4F7556}") = "HR.Api", "HR.Api\HR.Api.csproj", "{53556F1C-2BB0-4C65-A765-9052ED8F49FD}"
EndProject
Project("{9A19103F-16F7-4668-BE54-9A1E7A4F7556}") = "HR.UI", "HR.UI\HR.UI.csproj", "{6CB33CB2-2F27-44FA-BC61-73571AB35E3D}"
EndProject
Global
	GlobalSection(SolutionConfigurationPlatforms) = preSolution
		Debug|Any CPU = Debug|Any CPU
		Release|Any CPU = Release|Any CPU
	EndGlobalSection
	GlobalSection(ProjectConfigurationPlatforms) = postSolution
		{53556F1C-2BB0-4C65-A765-9052ED8F49FD}.Debug|Any CPU.ActiveCfg = Debug|Any CPU
		{53556F1C-2BB0-4C65-A765-9052ED8F49FD}.Debug|Any CPU.Build.0 = Debug|Any CPU
		{53556F1C-2BB0-4C65-A765-9052ED8F49FD}.Release|Any CPU.ActiveCfg = Release|Any CPU
		{53556F1C-2BB0-4C65-A765-9052ED8F49FD}.Release|Any CPU.Build.0 = Release|Any CPU
		{6CB33CB2-2F27-44FA-BC61-73571AB35E3D}.Debug|Any CPU.ActiveCfg = Debug|Any CPU
		{6CB33CB2-2F27-44FA-BC61-73571AB35E3D}.Debug|Any CPU.Build.0 = Debug|Any CPU
		{6CB33CB2-2F27-44FA-BC61-73571AB35E3D}.Release|Any CPU.ActiveCfg = Release|Any CPU
		{6CB33CB2-2F27-44FA-BC61-73571AB35E3D}.Release|Any CPU.Build.0 = Release|Any CPU
	EndGlobalSection
	GlobalSection(SolutionProperties) = preSolution
		HideSolutionNode = FALSE
	EndGlobalSection
	GlobalSection(ExtensibilityGlobals) = postSolution
		SolutionGuid = {1AAF8389-1ACF-4773-BA11-70D3FDA04B16}
	EndGlobalSection
EndGlobal
